
Microsoft Visual Studio Solution File, Format Version 12.00
# Visual Studio Version 17
VisualStudioVersion = 17.3.32825.248
MinimumVisualStudioVersion = 10.0.40219.1
Project("{FAE04EC0-301F-11D3-BF4B-00C04F79EFBC}") = "Assignment work", "Assignment work\Assignment work.csproj", "{B5839753-E0D7-44A6-9851-CED349FA7D00}"
EndProject
Global
	GlobalSection(SolutionConfigurationPlatforms) = preSolution
		Debug|Any CPU = Debug|Any CPU
		Release|Any CPU = Release|Any CPU
	EndGlobalSection
	GlobalSection(ProjectConfigurationPlatforms) = postSolution
		{B5839753-E0D7-44A6-9851-CED349FA7D00}.Debug|Any CPU.ActiveCfg = Debug|Any CPU
		{B5839753-E0D7-44A6-9851-CED349FA7D00}.Debug|Any CPU.Build.0 = Debug|Any CPU
		{B5839753-E0D7-44A6-9851-CED349FA7D00}.Release|Any CPU.ActiveCfg = Release|Any CPU
		{B5839753-E0D7-44A6-9851-CED349FA7D00}.Release|Any CPU.Build.0 = Release|Any CPU
	EndGlobalSection
	GlobalSection(SolutionProperties) = preSolution
		HideSolutionNode = FALSE
	EndGlobalSection
	GlobalSection(ExtensibilityGlobals) = postSolution
		SolutionGuid = {6C9630E1-AE72-4060-958A-E4F08FC2614D}
	EndGlobalSection
EndGlobal
